
Microsoft Visual Studio Solution File, Format Version 12.00
# Visual Studio Version 16
VisualStudioVersion = 16.0.31702.278
MinimumVisualStudioVersion = 10.0.40219.1
Project("{9A19103F-16F7-4668-BE54-9A1E7A4F7556}") = "game", "game.csproj", "{74245B8E-E3A8-47E5-AAE8-BD2329374558}"
EndProject
Global
	GlobalSection(SolutionConfigurationPlatforms) = preSolution
		Debug|Any CPU = Debug|Any CPU
		Release|Any CPU = Release|Any CPU
	EndGlobalSection
	GlobalSection(ProjectConfigurationPlatforms) = postSolution
		{74245B8E-E3A8-47E5-AAE8-BD2329374558}.Debug|Any CPU.ActiveCfg = Debug|Any CPU
		{74245B8E-E3A8-47E5-AAE8-BD2329374558}.Debug|Any CPU.Build.0 = Debug|Any CPU
		{74245B8E-E3A8-47E5-AAE8-BD2329374558}.Release|Any CPU.ActiveCfg = Release|Any CPU
		{74245B8E-E3A8-47E5-AAE8-BD2329374558}.Release|Any CPU.Build.0 = Release|Any CPU
	EndGlobalSection
	GlobalSection(SolutionProperties) = preSolution
		HideSolutionNode = FALSE
	EndGlobalSection
	GlobalSection(ExtensibilityGlobals) = postSolution
		SolutionGuid = {E845CF40-038F-4A5D-95DF-4C92935C2D8C}
	EndGlobalSection
EndGlobal
